
Microsoft Visual Studio Solution File, Format Version 12.00
# Visual Studio Version 17
Project("{8BC9CEB8-8B4A-11D0-8D11-00A0C91BC942}") = "ALL_BUILD", "ALL_BUILD.vcxproj", "{5BC1431B-E69D-3EBB-B47C-6C1F6A404DBB}"
	ProjectSection(ProjectDependencies) = postProject
		{D52A87BB-E03F-3A2F-BEDB-095A371CA3B8} = {D52A87BB-E03F-3A2F-BEDB-095A371CA3B8}
		{01B89827-AED2-3538-9C2D-98C8EE2606EE} = {01B89827-AED2-3538-9C2D-98C8EE2606EE}
	EndProjectSection
EndProject
Project("{8BC9CEB8-8B4A-11D0-8D11-00A0C91BC942}") = "RankineFastLib", "RankineFastLib.vcxproj", "{D52A87BB-E03F-3A2F-BEDB-095A371CA3B8}"
	ProjectSection(ProjectDependencies) = postProject
		{01B89827-AED2-3538-9C2D-98C8EE2606EE} = {01B89827-AED2-3538-9C2D-98C8EE2606EE}
	EndProjectSection
EndProject
Project("{8BC9CEB8-8B4A-11D0-8D11-00A0C91BC942}") = "ZERO_CHECK", "ZERO_CHECK.vcxproj", "{01B89827-AED2-3538-9C2D-98C8EE2606EE}"
	ProjectSection(ProjectDependencies) = postProject
	EndProjectSection
EndProject
Global
	GlobalSection(SolutionConfigurationPlatforms) = preSolution
		Debug|x64 = Debug|x64
		Release|x64 = Release|x64
		MinSizeRel|x64 = MinSizeRel|x64
		RelWithDebInfo|x64 = RelWithDebInfo|x64
	EndGlobalSection
	GlobalSection(ProjectConfigurationPlatforms) = postSolution
		{5BC1431B-E69D-3EBB-B47C-6C1F6A404DBB}.Debug|x64.ActiveCfg = Debug|x64
		{5BC1431B-E69D-3EBB-B47C-6C1F6A404DBB}.Release|x64.ActiveCfg = Release|x64
		{5BC1431B-E69D-3EBB-B47C-6C1F6A404DBB}.MinSizeRel|x64.ActiveCfg = MinSizeRel|x64
		{5BC1431B-E69D-3EBB-B47C-6C1F6A404DBB}.RelWithDebInfo|x64.ActiveCfg = RelWithDebInfo|x64
		{D52A87BB-E03F-3A2F-BEDB-095A371CA3B8}.Debug|x64.ActiveCfg = Debug|x64
		{D52A87BB-E03F-3A2F-BEDB-095A371CA3B8}.Debug|x64.Build.0 = Debug|x64
		{D52A87BB-E03F-3A2F-BEDB-095A371CA3B8}.Release|x64.ActiveCfg = Release|x64
		{D52A87BB-E03F-3A2F-BEDB-095A371CA3B8}.Release|x64.Build.0 = Release|x64
		{D52A87BB-E03F-3A2F-BEDB-095A371CA3B8}.MinSizeRel|x64.ActiveCfg = MinSizeRel|x64
		{D52A87BB-E03F-3A2F-BEDB-095A371CA3B8}.MinSizeRel|x64.Build.0 = MinSizeRel|x64
		{D52A87BB-E03F-3A2F-BEDB-095A371CA3B8}.RelWithDebInfo|x64.ActiveCfg = RelWithDebInfo|x64
		{D52A87BB-E03F-3A2F-BEDB-095A371CA3B8}.RelWithDebInfo|x64.Build.0 = RelWithDebInfo|x64
		{01B89827-AED2-3538-9C2D-98C8EE2606EE}.Debug|x64.ActiveCfg = Debug|x64
		{01B89827-AED2-3538-9C2D-98C8EE2606EE}.Debug|x64.Build.0 = Debug|x64
		{01B89827-AED2-3538-9C2D-98C8EE2606EE}.Release|x64.ActiveCfg = Release|x64
		{01B89827-AED2-3538-9C2D-98C8EE2606EE}.Release|x64.Build.0 = Release|x64
		{01B89827-AED2-3538-9C2D-98C8EE2606EE}.MinSizeRel|x64.ActiveCfg = MinSizeRel|x64
		{01B89827-AED2-3538-9C2D-98C8EE2606EE}.MinSizeRel|x64.Build.0 = MinSizeRel|x64
		{01B89827-AED2-3538-9C2D-98C8EE2606EE}.RelWithDebInfo|x64.ActiveCfg = RelWithDebInfo|x64
		{01B89827-AED2-3538-9C2D-98C8EE2606EE}.RelWithDebInfo|x64.Build.0 = RelWithDebInfo|x64
	EndGlobalSection
	GlobalSection(ExtensibilityGlobals) = postSolution
		SolutionGuid = {44346E1F-B1B8-3EE2-9424-15478AE01858}
	EndGlobalSection
	GlobalSection(ExtensibilityAddIns) = postSolution
	EndGlobalSection
EndGlobal
